
Microsoft Visual Studio Solution File, Format Version 11.00
# Visual Studio 2010
Project("{8BC9CEB8-8B4A-11D0-8D11-00A0C91BC942}") = "BuildMenuCombo", "Combo\BuildMenuCombo.vcxproj", "{1A3D8A75-CE90-EABF-DD93-0286A2E11C95}"
EndProject
Project("{8BC9CEB8-8B4A-11D0-8D11-00A0C91BC942}") = "Combo", "Combo\Combo.vcxproj", "{A56537F7-964A-457E-B2B2-A5C89ED935F9}"
	ProjectSection(ProjectDependencies) = postProject
		{1A3D8A75-CE90-EABF-DD93-0286A2E11C95} = {1A3D8A75-CE90-EABF-DD93-0286A2E11C95}
	EndProjectSection
EndProject
Global
	GlobalSection(SolutionConfigurationPlatforms) = preSolution
		Debug|Win32 = Debug|Win32
		Release|Win32 = Release|Win32
		Template|Win32 = Template|Win32
	EndGlobalSection
	GlobalSection(ProjectConfigurationPlatforms) = postSolution
		{1A3D8A75-CE90-EABF-DD93-0286A2E11C95}.Debug|Win32.ActiveCfg = Debug|Win32
		{1A3D8A75-CE90-EABF-DD93-0286A2E11C95}.Debug|Win32.Build.0 = Debug|Win32
		{1A3D8A75-CE90-EABF-DD93-0286A2E11C95}.Release|Win32.ActiveCfg = Release|Win32
		{1A3D8A75-CE90-EABF-DD93-0286A2E11C95}.Release|Win32.Build.0 = Release|Win32
		{1A3D8A75-CE90-EABF-DD93-0286A2E11C95}.Template|Win32.ActiveCfg = Release|Win32
		{1A3D8A75-CE90-EABF-DD93-0286A2E11C95}.Template|Win32.Build.0 = Release|Win32
		{A56537F7-964A-457E-B2B2-A5C89ED935F9}.Debug|Win32.ActiveCfg = Debug|Win32
		{A56537F7-964A-457E-B2B2-A5C89ED935F9}.Debug|Win32.Build.0 = Debug|Win32
		{A56537F7-964A-457E-B2B2-A5C89ED935F9}.Release|Win32.ActiveCfg = Release|Win32
		{A56537F7-964A-457E-B2B2-A5C89ED935F9}.Release|Win32.Build.0 = Release|Win32
		{A56537F7-964A-457E-B2B2-A5C89ED935F9}.Template|Win32.ActiveCfg = Release|Win32
		{A56537F7-964A-457E-B2B2-A5C89ED935F9}.Template|Win32.Build.0 = Release|Win32
	EndGlobalSection
	GlobalSection(SolutionProperties) = preSolution
		HideSolutionNode = FALSE
	EndGlobalSection
EndGlobal
