<?xml version="1.0" encoding="utf-8"?>
<Project ToolsVersion="4.0" xmlns="http://schemas.microsoft.com/developer/msbuild/2003">
  <ItemGroup>
    <Filter Include="Source Files">
      <UniqueIdentifier>{a5c7630e-e69b-4949-b7ad-7cbd1481979f}</UniqueIdentifier>
      <Extensions>cpp;c;cxx;rc;def;r;odl;idl;hpj;bat</Extensions>
    </Filter>
    <Filter Include="Header Files">
      <UniqueIdentifier>{d755d3e0-ea13-46f3-81a2-198305325af9}</UniqueIdentifier>
      <Extensions>h;hpp;hxx;hm;inl</Extensions>
    </Filter>
    <Filter Include="Resource Files">
      <UniqueIdentifier>{23988a8f-10a2-4676-b13e-eb10b4444ecd}</UniqueIdentifier>
      <Extensions>ico;cur;bmp;dlg;rc2;rct;bin;rgs;gif;jpg;jpeg;jpe</Extensions>
    </Filter>
  </ItemGroup>
  <ItemGroup>
    <ClCompile Include="AddressDlg.cpp">
      <Filter>Source Files</Filter>
    </ClCompile>
    <ClCompile Include="AES.cpp">
      <Filter>Source Files</Filter>
    </ClCompile>
    <ClCompile Include="AnsiBar.cpp">
      <Filter>Source Files</Filter>
    </ClCompile>
    <ClCompile Include="AppConfig.cpp">
      <Filter>Source Files</Filter>
    </ClCompile>
    <ClCompile Include="AutoComplete.cpp">
      <Filter>Source Files</Filter>
    </ClCompile>
    <ClCompile Include="AutoReplyPage.cpp">
      <Filter>Source Files</Filter>
    </ClCompile>
    <ClCompile Include="BBSHyperLink.cpp">
      <Filter>Source Files</Filter>
    </ClCompile>
    <ClCompile Include="BrowseDirDlg.cpp">
      <Filter>Source Files</Filter>
    </ClCompile>
    <ClCompile Include="..\ChiConv\ChiConv.cpp">
      <Filter>Source Files</Filter>
    </ClCompile>
    <ClCompile Include="Clipboard.cpp">
      <Filter>Source Files</Filter>
    </ClCompile>
    <ClCompile Include="ColorConfigDlg.cpp">
      <Filter>Source Files</Filter>
    </ClCompile>
    <ClCompile Include="ConfigFile.cpp">
      <Filter>Source Files</Filter>
    </ClCompile>
    <ClCompile Include="Conn.cpp">
      <Filter>Source Files</Filter>
    </ClCompile>
    <ClCompile Include="ConnectPage.cpp">
      <Filter>Source Files</Filter>
    </ClCompile>
    <ClCompile Include="CtrlEdit.cpp">
      <Filter>Source Files</Filter>
    </ClCompile>
    <ClCompile Include="CustomizeDlg.cpp">
      <Filter>Source Files</Filter>
    </ClCompile>
    <ClCompile Include="CustomTabCtrl.cpp">
      <Filter>Source Files</Filter>
    </ClCompile>
    <ClCompile Include="CustomToolBar.cpp">
      <Filter>Source Files</Filter>
    </ClCompile>
    <ClCompile Include="..\DlgLayout\DlgLayout.cpp">
      <Filter>Source Files</Filter>
    </ClCompile>
    <ClCompile Include="DragTreeCtrl.cpp">
      <Filter>Source Files</Filter>
    </ClCompile>
    <ClCompile Include="FavMenu.cpp">
      <Filter>Source Files</Filter>
    </ClCompile>
    <ClCompile Include="GeneralPage.cpp">
      <Filter>Source Files</Filter>
    </ClCompile>
    <ClCompile Include="Hotkey.cpp">
      <Filter>Source Files</Filter>
    </ClCompile>
    <ClCompile Include="HotkeyEdit.cpp">
      <Filter>Source Files</Filter>
    </ClCompile>
    <ClCompile Include="HyperLinkPage.cpp">
      <Filter>Source Files</Filter>
    </ClCompile>
    <ClCompile Include="InputNameDlg.cpp">
      <Filter>Source Files</Filter>
    </ClCompile>
    <ClCompile Include="KeyMap.cpp">
      <Filter>Source Files</Filter>
    </ClCompile>
    <ClCompile Include="KeyMapDlg.cpp">
      <Filter>Source Files</Filter>
    </ClCompile>
    <ClCompile Include="ListDlg.cpp">
      <Filter>Source Files</Filter>
    </ClCompile>
    <ClCompile Include="MainFrm.cpp">
      <Filter>Source Files</Filter>
    </ClCompile>
    <ClCompile Include="MemIniFile.cpp">
      <Filter>Source Files</Filter>
    </ClCompile>
    <ClCompile Include="OtherPage.cpp">
      <Filter>Source Files</Filter>
    </ClCompile>
    <ClCompile Include="PasswdDlg.cpp">
      <Filter>Source Files</Filter>
    </ClCompile>
    <ClCompile Include="PCMan.cpp">
      <Filter>Source Files</Filter>
    </ClCompile>
    <ClCompile Include="ReBarState.cpp">
      <Filter>Source Files</Filter>
    </ClCompile>
    <ClCompile Include="Rijndael.cpp">
      <Filter>Source Files</Filter>
    </ClCompile>
    <ClCompile Include="SearchPlugin.cpp">
      <Filter>Source Files</Filter>
    </ClCompile>
    <ClCompile Include="SetBkDlg.cpp">
      <Filter>Source Files</Filter>
    </ClCompile>
    <ClCompile Include="..\SimpXmlParser\SimpXmlParser.cpp">
      <Filter>Source Files</Filter>
    </ClCompile>
    <ClCompile Include="sitelistctrl.cpp">
      <Filter>Source Files</Filter>
    </ClCompile>
    <ClCompile Include="SitePage.cpp">
      <Filter>Source Files</Filter>
    </ClCompile>
    <ClCompile Include="SiteSettings.cpp">
      <Filter>Source Files</Filter>
    </ClCompile>
    <ClCompile Include="StdAfx.cpp">
      <Filter>Source Files</Filter>
    </ClCompile>
    <ClCompile Include="StringDlg.cpp">
      <Filter>Source Files</Filter>
    </ClCompile>
    <ClCompile Include="strutils.cpp">
      <Filter>Source Files</Filter>
    </ClCompile>
    <ClCompile Include="TelnetConn.cpp">
      <Filter>Source Files</Filter>
    </ClCompile>
    <ClCompile Include="TermView.cpp">
      <Filter>Source Files</Filter>
    </ClCompile>
    <ClCompile Include="TriggerList.cpp">
      <Filter>Source Files</Filter>
    </ClCompile>
    <ClCompile Include="Ucs2Conv.cpp">
      <Filter>Source Files</Filter>
    </ClCompile>
    <ClCompile Include="WindowState.cpp">
      <Filter>Source Files</Filter>
    </ClCompile>
    <ClCompile Include="WinUtils.cpp">
      <Filter>Source Files</Filter>
    </ClCompile>
    <ClCompile Include="AutoUpdate.cpp">
      <Filter>Source Files</Filter>
    </ClCompile>
    <ClCompile Include="MouseCTL.cpp">
      <Filter>Source Files</Filter>
    </ClCompile>
    <ClCompile Include="OleImage.cpp">
      <Filter>Source Files</Filter>
    </ClCompile>
    <ClCompile Include="MouseGesture.cpp">
      <Filter>Source Files</Filter>
    </ClCompile>
    <ClCompile Include="InstantTranDlg.cpp">
      <Filter>Source Files</Filter>
    </ClCompile>
    <ClCompile Include="AutoUpdateDlg.cpp">
      <Filter>Source Files</Filter>
    </ClCompile>
    <ClCompile Include="Websocket.cpp">
      <Filter>Source Files</Filter>
    </ClCompile>
    <ClCompile Include="TcpSocket.cpp">
      <Filter>Source Files</Filter>
    </ClCompile>
    <ClCompile Include="Address.cpp">
      <Filter>Source Files</Filter>
    </ClCompile>
    <ClCompile Include="..\BuildMenu\BuildMenu.cpp">
      <Filter>Source Files</Filter>
    </ClCompile>
  </ItemGroup>
  <ItemGroup>
    <ResourceCompile Include="..\Resource\Common.rc">
      <Filter>Source Files</Filter>
    </ResourceCompile>
    <ResourceCompile Include="..\Resource\Lite.rc">
      <Filter>Source Files</Filter>
    </ResourceCompile>
  </ItemGroup>
  <ItemGroup>
    <ClInclude Include="AddressDlg.h">
      <Filter>Header Files</Filter>
    </ClInclude>
    <ClInclude Include="AES.h">
      <Filter>Header Files</Filter>
    </ClInclude>
    <ClInclude Include="AnsiBar.h">
      <Filter>Header Files</Filter>
    </ClInclude>
    <ClInclude Include="AppConfig.h">
      <Filter>Header Files</Filter>
    </ClInclude>
    <ClInclude Include="AutoComplete.h">
      <Filter>Header Files</Filter>
    </ClInclude>
    <ClInclude Include="AutoReplyPage.h">
      <Filter>Header Files</Filter>
    </ClInclude>
    <ClInclude Include="BBSHyperLink.h">
      <Filter>Header Files</Filter>
    </ClInclude>
    <ClInclude Include="BrowseDirDlg.h">
      <Filter>Header Files</Filter>
    </ClInclude>
    <ClInclude Include="..\ChiConv\ChiConv.h">
      <Filter>Header Files</Filter>
    </ClInclude>
    <ClInclude Include="Clipboard.h">
      <Filter>Header Files</Filter>
    </ClInclude>
    <ClInclude Include="ColorConfigDlg.h">
      <Filter>Header Files</Filter>
    </ClInclude>
    <ClInclude Include="ConfigFile.h">
      <Filter>Header Files</Filter>
    </ClInclude>
    <ClInclude Include="Conn.h">
      <Filter>Header Files</Filter>
    </ClInclude>
    <ClInclude Include="ConnectPage.h">
      <Filter>Header Files</Filter>
    </ClInclude>
    <ClInclude Include="CtrlEdit.h">
      <Filter>Header Files</Filter>
    </ClInclude>
    <ClInclude Include="CustomizeDlg.h">
      <Filter>Header Files</Filter>
    </ClInclude>
    <ClInclude Include="CustomTabCtrl.h">
      <Filter>Header Files</Filter>
    </ClInclude>
    <ClInclude Include="CustomToolBar.h">
      <Filter>Header Files</Filter>
    </ClInclude>
    <ClInclude Include="..\DlgLayout\DlgLayout.h">
      <Filter>Header Files</Filter>
    </ClInclude>
    <ClInclude Include="DragTreeCtrl.h">
      <Filter>Header Files</Filter>
    </ClInclude>
    <ClInclude Include="FavMenu.h">
      <Filter>Header Files</Filter>
    </ClInclude>
    <ClInclude Include="FileUtil.h">
      <Filter>Header Files</Filter>
    </ClInclude>
    <ClInclude Include="GeneralPage.h">
      <Filter>Header Files</Filter>
    </ClInclude>
    <ClInclude Include="Hotkey.h">
      <Filter>Header Files</Filter>
    </ClInclude>
    <ClInclude Include="HotkeyEdit.h">
      <Filter>Header Files</Filter>
    </ClInclude>
    <ClInclude Include="HyperLinkPage.h">
      <Filter>Header Files</Filter>
    </ClInclude>
    <ClInclude Include="InputNameDlg.h">
      <Filter>Header Files</Filter>
    </ClInclude>
    <ClInclude Include="KeyMap.h">
      <Filter>Header Files</Filter>
    </ClInclude>
    <ClInclude Include="KeyMapDlg.h">
      <Filter>Header Files</Filter>
    </ClInclude>
    <ClInclude Include="ListDlg.h">
      <Filter>Header Files</Filter>
    </ClInclude>
    <ClInclude Include="MainFrm.h">
      <Filter>Header Files</Filter>
    </ClInclude>
    <ClInclude Include="MemIniFile.h">
      <Filter>Header Files</Filter>
    </ClInclude>
    <ClInclude Include="OtherPage.h">
      <Filter>Header Files</Filter>
    </ClInclude>
    <ClInclude Include="PasswdDlg.h">
      <Filter>Header Files</Filter>
    </ClInclude>
    <ClInclude Include="PCMan.h">
      <Filter>Header Files</Filter>
    </ClInclude>
    <ClInclude Include="ReBarState.h">
      <Filter>Header Files</Filter>
    </ClInclude>
    <ClInclude Include="..\Resource\resource.h">
      <Filter>Header Files</Filter>
    </ClInclude>
    <ClInclude Include="RFC854.H">
      <Filter>Header Files</Filter>
    </ClInclude>
    <ClInclude Include="Rijndael.h">
      <Filter>Header Files</Filter>
    </ClInclude>
    <ClInclude Include="SearchPlugin.h">
      <Filter>Header Files</Filter>
    </ClInclude>
    <ClInclude Include="SetBkDlg.h">
      <Filter>Header Files</Filter>
    </ClInclude>
    <ClInclude Include="..\SimpXmlParser\SimpXmlParser.h">
      <Filter>Header Files</Filter>
    </ClInclude>
    <ClInclude Include="sitelistctrl.h">
      <Filter>Header Files</Filter>
    </ClInclude>
    <ClInclude Include="SitePage.h">
      <Filter>Header Files</Filter>
    </ClInclude>
    <ClInclude Include="SiteSettings.h">
      <Filter>Header Files</Filter>
    </ClInclude>
    <ClInclude Include="StdAfx.h">
      <Filter>Header Files</Filter>
    </ClInclude>
    <ClInclude Include="StringDlg.h">
      <Filter>Header Files</Filter>
    </ClInclude>
    <ClInclude Include="strutils.h">
      <Filter>Header Files</Filter>
    </ClInclude>
    <ClInclude Include="TelnetConn.h">
      <Filter>Header Files</Filter>
    </ClInclude>
    <ClInclude Include="TermView.h">
      <Filter>Header Files</Filter>
    </ClInclude>
    <ClInclude Include="TriggerList.h">
      <Filter>Header Files</Filter>
    </ClInclude>
    <ClInclude Include="Ucs2Conv.h">
      <Filter>Header Files</Filter>
    </ClInclude>
    <ClInclude Include="WindowState.h">
      <Filter>Header Files</Filter>
    </ClInclude>
    <ClInclude Include="WinUtils.h">
      <Filter>Header Files</Filter>
    </ClInclude>
    <ClInclude Include="AutoUpdate.h">
      <Filter>Header Files</Filter>
    </ClInclude>
    <ClInclude Include="MouseCTL.h">
      <Filter>Header Files</Filter>
    </ClInclude>
    <ClInclude Include="OleImage.h">
      <Filter>Header Files</Filter>
    </ClInclude>
    <ClInclude Include="MouseGesture.h">
      <Filter>Header Files</Filter>
    </ClInclude>
    <ClInclude Include="InstantTranDlg.h">
      <Filter>Header Files</Filter>
    </ClInclude>
    <ClInclude Include="autoupdatedlg.h">
      <Filter>Header Files</Filter>
    </ClInclude>
    <ClInclude Include="Websocket.h">
      <Filter>Header Files</Filter>
    </ClInclude>
    <ClInclude Include="ConnIO.h">
      <Filter>Header Files</Filter>
    </ClInclude>
    <ClInclude Include="Address.h">
      <Filter>Header Files</Filter>
    </ClInclude>
    <ClInclude Include="TcpSocket.h">
      <Filter>Header Files</Filter>
    </ClInclude>
    <ClInclude Include="..\BuildMenu\BuildMenu.h">
      <Filter>Header Files</Filter>
    </ClInclude>
  </ItemGroup>
  <ItemGroup>
    <Image Include="..\Resource\res\ansfile.ico">
      <Filter>Resource Files</Filter>
    </Image>
    <Image Include="res\ansfile.ico">
      <Filter>Resource Files</Filter>
    </Image>
    <Image Include="..\Resource\res\idr_main.ico">
      <Filter>Resource Files</Filter>
    </Image>
    <Image Include="res\idr_main.ico">
      <Filter>Resource Files</Filter>
    </Image>
    <Image Include="..\Resource\Res\toolbar1.bmp">
      <Filter>Resource Files</Filter>
    </Image>
  </ItemGroup>
  <ItemGroup>
    <None Include="..\Resource\res\copy_cur.cur">
      <Filter>Resource Files</Filter>
    </None>
    <None Include="res\copy_cur.cur">
      <Filter>Resource Files</Filter>
    </None>
    <None Include="res\drag_cur.cur">
      <Filter>Resource Files</Filter>
    </None>
    <None Include="..\Resource\res\drag_cur.cur">
      <Filter>Resource Files</Filter>
    </None>
    <None Include="..\Resource\res\hand.cur">
      <Filter>Resource Files</Filter>
    </None>
    <None Include="res\hand.cur">
      <Filter>Resource Files</Filter>
    </None>
  </ItemGroup>
</Project>