<?xml version="1.0" encoding="utf-8"?>
<Project ToolsVersion="4.0" xmlns="http://schemas.microsoft.com/developer/msbuild/2003">
  <ItemGroup>
    <Filter Include="Source Files">
      <UniqueIdentifier>{f7d33916-943a-4b64-a34a-ca35db24de24}</UniqueIdentifier>
      <Extensions>cpp;c;cxx;rc;def;r;odl;idl;hpj;bat</Extensions>
    </Filter>
    <Filter Include="Header Files">
      <UniqueIdentifier>{165a3051-45ed-46da-97ca-071cdb2a7e37}</UniqueIdentifier>
      <Extensions>h;hpp;hxx;hm;inl</Extensions>
    </Filter>
    <Filter Include="Resource Files">
      <UniqueIdentifier>{b7dbc582-6fb3-465a-bf5b-2730d3291fa8}</UniqueIdentifier>
      <Extensions>ico;cur;bmp;dlg;rc2;rct;bin;rgs;gif;jpg;jpeg;jpe</Extensions>
    </Filter>
  </ItemGroup>
  <ItemGroup>
    <ClCompile Include="..\Lite\AddressDlg.cpp">
      <Filter>Source Files</Filter>
    </ClCompile>
    <ClCompile Include="AdItem.cpp">
      <Filter>Source Files</Filter>
    </ClCompile>
    <ClCompile Include="AdList.cpp">
      <Filter>Source Files</Filter>
    </ClCompile>
    <ClCompile Include="..\Lite\AES.cpp">
      <Filter>Source Files</Filter>
    </ClCompile>
    <ClCompile Include="..\Lite\AnsiBar.cpp">
      <Filter>Source Files</Filter>
    </ClCompile>
    <ClCompile Include="..\Lite\AppConfig.cpp">
      <Filter>Source Files</Filter>
    </ClCompile>
    <ClCompile Include="..\Lite\AutoComplete.cpp">
      <Filter>Source Files</Filter>
    </ClCompile>
    <ClCompile Include="..\Lite\AutoReplyPage.cpp">
      <Filter>Source Files</Filter>
    </ClCompile>
    <ClCompile Include="..\Lite\BBSHyperLink.cpp">
      <Filter>Source Files</Filter>
    </ClCompile>
    <ClCompile Include="..\Lite\BrowseDirDlg.cpp">
      <Filter>Source Files</Filter>
    </ClCompile>
    <ClCompile Include="..\ChiConv\ChiConv.cpp">
      <Filter>Source Files</Filter>
    </ClCompile>
    <ClCompile Include="..\Lite\Clipboard.cpp">
      <Filter>Source Files</Filter>
    </ClCompile>
    <ClCompile Include="..\Lite\ColorConfigDlg.cpp">
      <Filter>Source Files</Filter>
    </ClCompile>
    <ClCompile Include="..\Lite\ConfigFile.cpp">
      <Filter>Source Files</Filter>
    </ClCompile>
    <ClCompile Include="..\Lite\Conn.cpp">
      <Filter>Source Files</Filter>
    </ClCompile>
    <ClCompile Include="..\Lite\ConnectPage.cpp">
      <Filter>Source Files</Filter>
    </ClCompile>
    <ClCompile Include="..\Lite\CtrlEdit.cpp">
      <Filter>Source Files</Filter>
    </ClCompile>
    <ClCompile Include="..\Lite\CustomizeDlg.cpp">
      <Filter>Source Files</Filter>
    </ClCompile>
    <ClCompile Include="..\Lite\CustomTabCtrl.cpp">
      <Filter>Source Files</Filter>
    </ClCompile>
    <ClCompile Include="..\Lite\CustomToolBar.cpp">
      <Filter>Source Files</Filter>
    </ClCompile>
    <ClCompile Include="custsite.cpp">
      <Filter>Source Files</Filter>
    </ClCompile>
    <ClCompile Include="..\DlgLayout\DlgLayout.cpp">
      <Filter>Source Files</Filter>
    </ClCompile>
    <ClCompile Include="..\Lite\DragTreeCtrl.cpp">
      <Filter>Source Files</Filter>
    </ClCompile>
    <ClCompile Include="..\Lite\FavMenu.cpp">
      <Filter>Source Files</Filter>
    </ClCompile>
    <ClCompile Include="..\Lite\GeneralPage.cpp">
      <Filter>Source Files</Filter>
    </ClCompile>
    <ClCompile Include="..\Lite\Hotkey.cpp">
      <Filter>Source Files</Filter>
    </ClCompile>
    <ClCompile Include="..\Lite\HotkeyEdit.cpp">
      <Filter>Source Files</Filter>
    </ClCompile>
    <ClCompile Include="..\Lite\HyperLinkPage.cpp">
      <Filter>Source Files</Filter>
    </ClCompile>
    <ClCompile Include="..\Lite\InputNameDlg.cpp">
      <Filter>Source Files</Filter>
    </ClCompile>
    <ClCompile Include="..\Lite\KeyMap.cpp">
      <Filter>Source Files</Filter>
    </ClCompile>
    <ClCompile Include="..\Lite\KeyMapDlg.cpp">
      <Filter>Source Files</Filter>
    </ClCompile>
    <ClCompile Include="..\Lite\ListDlg.cpp">
      <Filter>Source Files</Filter>
    </ClCompile>
    <ClCompile Include="..\Lite\MainFrm.cpp">
      <Filter>Source Files</Filter>
    </ClCompile>
    <ClCompile Include="..\Lite\MemIniFile.cpp">
      <Filter>Source Files</Filter>
    </ClCompile>
    <ClCompile Include="..\Lite\OtherPage.cpp">
      <Filter>Source Files</Filter>
    </ClCompile>
    <ClCompile Include="..\Lite\PasswdDlg.cpp">
      <Filter>Source Files</Filter>
    </ClCompile>
    <ClCompile Include="..\Lite\PCMan.cpp">
      <Filter>Source Files</Filter>
    </ClCompile>
    <ClCompile Include="..\Lite\ReBarState.cpp">
      <Filter>Source Files</Filter>
    </ClCompile>
    <ClCompile Include="..\Lite\Rijndael.cpp">
      <Filter>Source Files</Filter>
    </ClCompile>
    <ClCompile Include="..\Lite\SearchPlugin.cpp">
      <Filter>Source Files</Filter>
    </ClCompile>
    <ClCompile Include="..\Lite\SetBkDlg.cpp">
      <Filter>Source Files</Filter>
    </ClCompile>
    <ClCompile Include="..\SimpXmlParser\SimpXmlParser.cpp">
      <Filter>Source Files</Filter>
    </ClCompile>
    <ClCompile Include="..\Lite\sitelistctrl.cpp">
      <Filter>Source Files</Filter>
    </ClCompile>
    <ClCompile Include="..\Lite\SitePage.cpp">
      <Filter>Source Files</Filter>
    </ClCompile>
    <ClCompile Include="..\Lite\SiteSettings.cpp">
      <Filter>Source Files</Filter>
    </ClCompile>
    <ClCompile Include="..\Lite\StdAfx.cpp">
      <Filter>Source Files</Filter>
    </ClCompile>
    <ClCompile Include="..\Lite\StringDlg.cpp">
      <Filter>Source Files</Filter>
    </ClCompile>
    <ClCompile Include="..\Lite\strutils.cpp">
      <Filter>Source Files</Filter>
    </ClCompile>
    <ClCompile Include="..\Lite\TelnetConn.cpp">
      <Filter>Source Files</Filter>
    </ClCompile>
    <ClCompile Include="..\Lite\TermView.cpp">
      <Filter>Source Files</Filter>
    </ClCompile>
    <ClCompile Include="..\Lite\TriggerList.cpp">
      <Filter>Source Files</Filter>
    </ClCompile>
    <ClCompile Include="..\Lite\Ucs2Conv.cpp">
      <Filter>Source Files</Filter>
    </ClCompile>
    <ClCompile Include="WebBrowser.cpp">
      <Filter>Source Files</Filter>
    </ClCompile>
    <ClCompile Include="WebBrowserCtrl.cpp">
      <Filter>Source Files</Filter>
    </ClCompile>
    <ClCompile Include="WebCfgPage.cpp">
      <Filter>Source Files</Filter>
    </ClCompile>
    <ClCompile Include="WebConn.cpp">
      <Filter>Source Files</Filter>
    </ClCompile>
    <ClCompile Include="WebPageDlg.cpp">
      <Filter>Source Files</Filter>
    </ClCompile>
    <ClCompile Include="..\Lite\WindowState.cpp">
      <Filter>Source Files</Filter>
    </ClCompile>
    <ClCompile Include="..\Lite\WinUtils.cpp">
      <Filter>Source Files</Filter>
    </ClCompile>
    <ClCompile Include="..\Lite\AutoUpdate.cpp">
      <Filter>Source Files</Filter>
    </ClCompile>
    <ClCompile Include="..\Lite\AutoUpdateDlg.cpp">
      <Filter>Source Files</Filter>
    </ClCompile>
    <ClCompile Include="..\Lite\InstantTranDlg.cpp">
      <Filter>Source Files</Filter>
    </ClCompile>
    <ClCompile Include="SearchBar.cpp">
      <Filter>Source Files</Filter>
    </ClCompile>
    <ClCompile Include="..\Lite\MouseCTL.cpp">
      <Filter>Source Files</Filter>
    </ClCompile>
    <ClCompile Include="..\Lite\MouseGesture.cpp">
      <Filter>Source Files</Filter>
    </ClCompile>
    <ClCompile Include="..\Lite\OleImage.cpp">
      <Filter>Source Files</Filter>
    </ClCompile>
    <ClCompile Include="..\Lite\Address.cpp">
      <Filter>Source Files</Filter>
    </ClCompile>
    <ClCompile Include="..\Lite\TcpSocket.cpp">
      <Filter>Source Files</Filter>
    </ClCompile>
    <ClCompile Include="..\Lite\Websocket.cpp">
      <Filter>Source Files</Filter>
    </ClCompile>
    <ClCompile Include="..\BuildMenu\BuildMenu.cpp">
      <Filter>Source Files</Filter>
    </ClCompile>
  </ItemGroup>
  <ItemGroup>
    <ResourceCompile Include="..\Resource\Combo.rc">
      <Filter>Source Files</Filter>
    </ResourceCompile>
  </ItemGroup>
  <ItemGroup>
    <ClInclude Include="..\Lite\AddressDlg.h">
      <Filter>Header Files</Filter>
    </ClInclude>
    <ClInclude Include="AdItem.h">
      <Filter>Header Files</Filter>
    </ClInclude>
    <ClInclude Include="AdList.h">
      <Filter>Header Files</Filter>
    </ClInclude>
    <ClInclude Include="..\Lite\AnsiBar.h">
      <Filter>Header Files</Filter>
    </ClInclude>
    <ClInclude Include="..\Lite\AppConfig.h">
      <Filter>Header Files</Filter>
    </ClInclude>
    <ClInclude Include="..\Lite\AutoComplete.h">
      <Filter>Header Files</Filter>
    </ClInclude>
    <ClInclude Include="..\Lite\AutoReplyPage.h">
      <Filter>Header Files</Filter>
    </ClInclude>
    <ClInclude Include="..\Lite\BBSHyperLink.h">
      <Filter>Header Files</Filter>
    </ClInclude>
    <ClInclude Include="..\Lite\BrowseDirDlg.h">
      <Filter>Header Files</Filter>
    </ClInclude>
    <ClInclude Include="..\ChiConv\ChiConv.h">
      <Filter>Header Files</Filter>
    </ClInclude>
    <ClInclude Include="..\Lite\Clipboard.h">
      <Filter>Header Files</Filter>
    </ClInclude>
    <ClInclude Include="..\Lite\ColorConfigDlg.h">
      <Filter>Header Files</Filter>
    </ClInclude>
    <ClInclude Include="..\Lite\ConfigFile.h">
      <Filter>Header Files</Filter>
    </ClInclude>
    <ClInclude Include="..\Lite\Conn.h">
      <Filter>Header Files</Filter>
    </ClInclude>
    <ClInclude Include="..\Lite\ConnectPage.h">
      <Filter>Header Files</Filter>
    </ClInclude>
    <ClInclude Include="..\Lite\CtrlEdit.h">
      <Filter>Header Files</Filter>
    </ClInclude>
    <ClInclude Include="..\Lite\CustomizeDlg.h">
      <Filter>Header Files</Filter>
    </ClInclude>
    <ClInclude Include="..\Lite\CustomTabCtrl.h">
      <Filter>Header Files</Filter>
    </ClInclude>
    <ClInclude Include="..\Lite\CustomToolBar.h">
      <Filter>Header Files</Filter>
    </ClInclude>
    <ClInclude Include="custsite.h">
      <Filter>Header Files</Filter>
    </ClInclude>
    <ClInclude Include="CWebBrowserCtrl.h">
      <Filter>Header Files</Filter>
    </ClInclude>
    <ClInclude Include="..\Lite\DragTreeCtrl.h">
      <Filter>Header Files</Filter>
    </ClInclude>
    <ClInclude Include="..\Lite\FavMenu.h">
      <Filter>Header Files</Filter>
    </ClInclude>
    <ClInclude Include="..\Lite\FileUtil.h">
      <Filter>Header Files</Filter>
    </ClInclude>
    <ClInclude Include="..\Lite\GeneralPage.h">
      <Filter>Header Files</Filter>
    </ClInclude>
    <ClInclude Include="..\Lite\Hotkey.h">
      <Filter>Header Files</Filter>
    </ClInclude>
    <ClInclude Include="..\Lite\HotkeyEdit.h">
      <Filter>Header Files</Filter>
    </ClInclude>
    <ClInclude Include="..\Lite\HyperLinkPage.h">
      <Filter>Header Files</Filter>
    </ClInclude>
    <ClInclude Include="..\Lite\InputNameDlg.h">
      <Filter>Header Files</Filter>
    </ClInclude>
    <ClInclude Include="..\Lite\KeyMap.h">
      <Filter>Header Files</Filter>
    </ClInclude>
    <ClInclude Include="..\Lite\KeyMapDlg.h">
      <Filter>Header Files</Filter>
    </ClInclude>
    <ClInclude Include="..\Lite\ListDlg.h">
      <Filter>Header Files</Filter>
    </ClInclude>
    <ClInclude Include="..\Lite\MainFrm.h">
      <Filter>Header Files</Filter>
    </ClInclude>
    <ClInclude Include="..\Lite\MemIniFile.h">
      <Filter>Header Files</Filter>
    </ClInclude>
    <ClInclude Include="MENUMAPITEM.h">
      <Filter>Header Files</Filter>
    </ClInclude>
    <ClInclude Include="..\Lite\OtherPage.h">
      <Filter>Header Files</Filter>
    </ClInclude>
    <ClInclude Include="..\Lite\PasswdDlg.h">
      <Filter>Header Files</Filter>
    </ClInclude>
    <ClInclude Include="..\Lite\PCMan.h">
      <Filter>Header Files</Filter>
    </ClInclude>
    <ClInclude Include="..\Lite\ReBarState.h">
      <Filter>Header Files</Filter>
    </ClInclude>
    <ClInclude Include="..\Resource\resource.h">
      <Filter>Header Files</Filter>
    </ClInclude>
    <ClInclude Include="..\Lite\RFC854.H">
      <Filter>Header Files</Filter>
    </ClInclude>
    <ClInclude Include="..\Lite\Rijndael.h">
      <Filter>Header Files</Filter>
    </ClInclude>
    <ClInclude Include="..\Lite\SearchPlugin.h">
      <Filter>Header Files</Filter>
    </ClInclude>
    <ClInclude Include="..\Lite\SetBkDlg.h">
      <Filter>Header Files</Filter>
    </ClInclude>
    <ClInclude Include="..\SimpXmlParser\SimpXmlParser.h">
      <Filter>Header Files</Filter>
    </ClInclude>
    <ClInclude Include="..\Lite\sitelistctrl.h">
      <Filter>Header Files</Filter>
    </ClInclude>
    <ClInclude Include="..\Lite\SitePage.h">
      <Filter>Header Files</Filter>
    </ClInclude>
    <ClInclude Include="..\Lite\SiteSettings.h">
      <Filter>Header Files</Filter>
    </ClInclude>
    <ClInclude Include="stdafx.h">
      <Filter>Header Files</Filter>
    </ClInclude>
    <ClInclude Include="..\Lite\StdAfx.h">
      <Filter>Header Files</Filter>
    </ClInclude>
    <ClInclude Include="..\Lite\StringDlg.h">
      <Filter>Header Files</Filter>
    </ClInclude>
    <ClInclude Include="..\Lite\strutils.h">
      <Filter>Header Files</Filter>
    </ClInclude>
    <ClInclude Include="..\Lite\TelnetConn.h">
      <Filter>Header Files</Filter>
    </ClInclude>
    <ClInclude Include="..\Lite\TermView.h">
      <Filter>Header Files</Filter>
    </ClInclude>
    <ClInclude Include="..\Lite\Ucs2Conv.h">
      <Filter>Header Files</Filter>
    </ClInclude>
    <ClInclude Include="WebBrowser.h">
      <Filter>Header Files</Filter>
    </ClInclude>
    <ClInclude Include="WebBrowserCtrl.h">
      <Filter>Header Files</Filter>
    </ClInclude>
    <ClInclude Include="webcfgpage.h">
      <Filter>Header Files</Filter>
    </ClInclude>
    <ClInclude Include="WebConn.h">
      <Filter>Header Files</Filter>
    </ClInclude>
    <ClInclude Include="WebPageDlg.h">
      <Filter>Header Files</Filter>
    </ClInclude>
    <ClInclude Include="..\Lite\WindowState.h">
      <Filter>Header Files</Filter>
    </ClInclude>
    <ClInclude Include="..\Lite\WinUtils.h">
      <Filter>Header Files</Filter>
    </ClInclude>
    <ClInclude Include="..\Lite\AutoUpdate.h">
      <Filter>Header Files</Filter>
    </ClInclude>
    <ClInclude Include="..\Lite\autoupdatedlg.h">
      <Filter>Header Files</Filter>
    </ClInclude>
    <ClInclude Include="..\Lite\InstantTranDlg.h">
      <Filter>Header Files</Filter>
    </ClInclude>
    <ClInclude Include="SearchBar.h">
      <Filter>Header Files</Filter>
    </ClInclude>
    <ClInclude Include="..\Lite\MouseCTL.h">
      <Filter>Header Files</Filter>
    </ClInclude>
    <ClInclude Include="..\Lite\MouseGesture.h">
      <Filter>Header Files</Filter>
    </ClInclude>
    <ClInclude Include="..\Lite\OleImage.h">
      <Filter>Header Files</Filter>
    </ClInclude>
    <ClInclude Include="..\Lite\Address.h">
      <Filter>Header Files</Filter>
    </ClInclude>
    <ClInclude Include="..\Lite\TcpSocket.h">
      <Filter>Header Files</Filter>
    </ClInclude>
    <ClInclude Include="..\Lite\Websocket.h">
      <Filter>Header Files</Filter>
    </ClInclude>
    <ClInclude Include="..\Lite\ConnIO.h">
      <Filter>Header Files</Filter>
    </ClInclude>
    <ClInclude Include="..\BuildMenu\BuildMenu.h">
      <Filter>Header Files</Filter>
    </ClInclude>
  </ItemGroup>
  <ItemGroup>
    <Image Include="..\Resource\res\ansfile.ico">
      <Filter>Resource Files</Filter>
    </Image>
    <Image Include="..\Resource\res\idr_main.ico">
      <Filter>Resource Files</Filter>
    </Image>
  </ItemGroup>
  <ItemGroup>
    <None Include="..\Resource\res\copy_cur.cur">
      <Filter>Resource Files</Filter>
    </None>
    <None Include="..\Resource\res\drag_cur.cur">
      <Filter>Resource Files</Filter>
    </None>
    <None Include="..\Resource\res\hand.cur">
      <Filter>Resource Files</Filter>
    </None>
  </ItemGroup>
</Project>